
Microsoft Visual Studio Solution File, Format Version 12.00
# Visual Studio 15
VisualStudioVersion = 15.0.27703.2042
MinimumVisualStudioVersion = 10.0.40219.1
Project("{FAE04EC0-301F-11D3-BF4B-00C04F79EFBC}") = "Ejercicio2.Android", "Ejercicio2\Ejercicio2.Android\Ejercicio2.Android.csproj", "{DBBB4807-B9C2-43C0-A11E-5654BF29A1AD}"
EndProject
Project("{FAE04EC0-301F-11D3-BF4B-00C04F79EFBC}") = "Ejercicio2.iOS", "Ejercicio2\Ejercicio2.iOS\Ejercicio2.iOS.csproj", "{218CE521-93EA-49F8-8866-FCE229C37D2A}"
EndProject
Project("{FAE04EC0-301F-11D3-BF4B-00C04F79EFBC}") = "Ejercicio2", "Ejercicio2\Ejercicio2\Ejercicio2.csproj", "{7E214D7E-A570-49E3-A960-184046E28B3B}"
EndProject
Global
	GlobalSection(SolutionConfigurationPlatforms) = preSolution
		Ad-Hoc|Any CPU = Ad-Hoc|Any CPU
		Ad-Hoc|iPhone = Ad-Hoc|iPhone
		Ad-Hoc|iPhoneSimulator = Ad-Hoc|iPhoneSimulator
		AppStore|Any CPU = AppStore|Any CPU
		AppStore|iPhone = AppStore|iPhone
		AppStore|iPhoneSimulator = AppStore|iPhoneSimulator
		Debug|Any CPU = Debug|Any CPU
		Debug|iPhone = Debug|iPhone
		Debug|iPhoneSimulator = Debug|iPhoneSimulator
		Release|Any CPU = Release|Any CPU
		Release|iPhone = Release|iPhone
		Release|iPhoneSimulator = Release|iPhoneSimulator
	EndGlobalSection
	GlobalSection(ProjectConfigurationPlatforms) = postSolution
		{DBBB4807-B9C2-43C0-A11E-5654BF29A1AD}.Ad-Hoc|Any CPU.ActiveCfg = Release|Any CPU
		{DBBB4807-B9C2-43C0-A11E-5654BF29A1AD}.Ad-Hoc|Any CPU.Build.0 = Release|Any CPU
		{DBBB4807-B9C2-43C0-A11E-5654BF29A1AD}.Ad-Hoc|Any CPU.Deploy.0 = Release|Any CPU
		{DBBB4807-B9C2-43C0-A11E-5654BF29A1AD}.Ad-Hoc|iPhone.ActiveCfg = Release|Any CPU
		{DBBB4807-B9C2-43C0-A11E-5654BF29A1AD}.Ad-Hoc|iPhone.Build.0 = Release|Any CPU
		{DBBB4807-B9C2-43C0-A11E-5654BF29A1AD}.Ad-Hoc|iPhone.Deploy.0 = Release|Any CPU
		{DBBB4807-B9C2-43C0-A11E-5654BF29A1AD}.Ad-Hoc|iPhoneSimulator.ActiveCfg = Release|Any CPU
		{DBBB4807-B9C2-43C0-A11E-5654BF29A1AD}.Ad-Hoc|iPhoneSimulator.Build.0 = Release|Any CPU
		{DBBB4807-B9C2-43C0-A11E-5654BF29A1AD}.Ad-Hoc|iPhoneSimulator.Deploy.0 = Release|Any CPU
		{DBBB4807-B9C2-43C0-A11E-5654BF29A1AD}.AppStore|Any CPU.ActiveCfg = Release|Any CPU
		{DBBB4807-B9C2-43C0-A11E-5654BF29A1AD}.AppStore|Any CPU.Build.0 = Release|Any CPU
		{DBBB4807-B9C2-43C0-A11E-5654BF29A1AD}.AppStore|Any CPU.Deploy.0 = Release|Any CPU
		{DBBB4807-B9C2-43C0-A11E-5654BF29A1AD}.AppStore|iPhone.ActiveCfg = Release|Any CPU
		{DBBB4807-B9C2-43C0-A11E-5654BF29A1AD}.AppStore|iPhone.Build.0 = Release|Any CPU
		{DBBB4807-B9C2-43C0-A11E-5654BF29A1AD}.AppStore|iPhone.Deploy.0 = Release|Any CPU
		{DBBB4807-B9C2-43C0-A11E-5654BF29A1AD}.AppStore|iPhoneSimulator.ActiveCfg = Release|Any CPU
		{DBBB4807-B9C2-43C0-A11E-5654BF29A1AD}.AppStore|iPhoneSimulator.Build.0 = Release|Any CPU
		{DBBB4807-B9C2-43C0-A11E-5654BF29A1AD}.AppStore|iPhoneSimulator.Deploy.0 = Release|Any CPU
		{DBBB4807-B9C2-43C0-A11E-5654BF29A1AD}.Debug|Any CPU.ActiveCfg = Debug|Any CPU
		{DBBB4807-B9C2-43C0-A11E-5654BF29A1AD}.Debug|Any CPU.Build.0 = Debug|Any CPU
		{DBBB4807-B9C2-43C0-A11E-5654BF29A1AD}.Debug|Any CPU.Deploy.0 = Debug|Any CPU
		{DBBB4807-B9C2-43C0-A11E-5654BF29A1AD}.Debug|iPhone.ActiveCfg = Debug|Any CPU
		{DBBB4807-B9C2-43C0-A11E-5654BF29A1AD}.Debug|iPhone.Build.0 = Debug|Any CPU
		{DBBB4807-B9C2-43C0-A11E-5654BF29A1AD}.Debug|iPhone.Deploy.0 = Debug|Any CPU
		{DBBB4807-B9C2-43C0-A11E-5654BF29A1AD}.Debug|iPhoneSimulator.ActiveCfg = Debug|Any CPU
		{DBBB4807-B9C2-43C0-A11E-5654BF29A1AD}.Debug|iPhoneSimulator.Build.0 = Debug|Any CPU
		{DBBB4807-B9C2-43C0-A11E-5654BF29A1AD}.Debug|iPhoneSimulator.Deploy.0 = Debug|Any CPU
		{DBBB4807-B9C2-43C0-A11E-5654BF29A1AD}.Release|Any CPU.ActiveCfg = Release|Any CPU
		{DBBB4807-B9C2-43C0-A11E-5654BF29A1AD}.Release|Any CPU.Build.0 = Release|Any CPU
		{DBBB4807-B9C2-43C0-A11E-5654BF29A1AD}.Release|Any CPU.Deploy.0 = Release|Any CPU
		{DBBB4807-B9C2-43C0-A11E-5654BF29A1AD}.Release|iPhone.ActiveCfg = Release|Any CPU
		{DBBB4807-B9C2-43C0-A11E-5654BF29A1AD}.Release|iPhone.Build.0 = Release|Any CPU
		{DBBB4807-B9C2-43C0-A11E-5654BF29A1AD}.Release|iPhone.Deploy.0 = Release|Any CPU
		{DBBB4807-B9C2-43C0-A11E-5654BF29A1AD}.Release|iPhoneSimulator.ActiveCfg = Release|Any CPU
		{DBBB4807-B9C2-43C0-A11E-5654BF29A1AD}.Release|iPhoneSimulator.Build.0 = Release|Any CPU
		{DBBB4807-B9C2-43C0-A11E-5654BF29A1AD}.Release|iPhoneSimulator.Deploy.0 = Release|Any CPU
		{218CE521-93EA-49F8-8866-FCE229C37D2A}.Ad-Hoc|Any CPU.ActiveCfg = Ad-Hoc|iPhone
		{218CE521-93EA-49F8-8866-FCE229C37D2A}.Ad-Hoc|Any CPU.Build.0 = Ad-Hoc|iPhone
		{218CE521-93EA-49F8-8866-FCE229C37D2A}.Ad-Hoc|Any CPU.Deploy.0 = Ad-Hoc|iPhone
		{218CE521-93EA-49F8-8866-FCE229C37D2A}.Ad-Hoc|iPhone.ActiveCfg = Ad-Hoc|iPhone
		{218CE521-93EA-49F8-8866-FCE229C37D2A}.Ad-Hoc|iPhone.Build.0 = Ad-Hoc|iPhone
		{218CE521-93EA-49F8-8866-FCE229C37D2A}.Ad-Hoc|iPhone.Deploy.0 = Ad-Hoc|iPhone
		{218CE521-93EA-49F8-8866-FCE229C37D2A}.Ad-Hoc|iPhoneSimulator.ActiveCfg = Ad-Hoc|iPhoneSimulator
		{218CE521-93EA-49F8-8866-FCE229C37D2A}.Ad-Hoc|iPhoneSimulator.Build.0 = Ad-Hoc|iPhoneSimulator
		{218CE521-93EA-49F8-8866-FCE229C37D2A}.Ad-Hoc|iPhoneSimulator.Deploy.0 = Ad-Hoc|iPhoneSimulator
		{218CE521-93EA-49F8-8866-FCE229C37D2A}.AppStore|Any CPU.ActiveCfg = AppStore|iPhone
		{218CE521-93EA-49F8-8866-FCE229C37D2A}.AppStore|Any CPU.Build.0 = AppStore|iPhone
		{218CE521-93EA-49F8-8866-FCE229C37D2A}.AppStore|Any CPU.Deploy.0 = AppStore|iPhone
		{218CE521-93EA-49F8-8866-FCE229C37D2A}.AppStore|iPhone.ActiveCfg = AppStore|iPhone
		{218CE521-93EA-49F8-8866-FCE229C37D2A}.AppStore|iPhone.Build.0 = AppStore|iPhone
		{218CE521-93EA-49F8-8866-FCE229C37D2A}.AppStore|iPhone.Deploy.0 = AppStore|iPhone
		{218CE521-93EA-49F8-8866-FCE229C37D2A}.AppStore|iPhoneSimulator.ActiveCfg = AppStore|iPhoneSimulator
		{218CE521-93EA-49F8-8866-FCE229C37D2A}.AppStore|iPhoneSimulator.Build.0 = AppStore|iPhoneSimulator
		{218CE521-93EA-49F8-8866-FCE229C37D2A}.AppStore|iPhoneSimulator.Deploy.0 = AppStore|iPhoneSimulator
		{218CE521-93EA-49F8-8866-FCE229C37D2A}.Debug|Any CPU.ActiveCfg = Debug|iPhoneSimulator
		{218CE521-93EA-49F8-8866-FCE229C37D2A}.Debug|Any CPU.Build.0 = Debug|iPhoneSimulator
		{218CE521-93EA-49F8-8866-FCE229C37D2A}.Debug|Any CPU.Deploy.0 = Debug|iPhoneSimulator
		{218CE521-93EA-49F8-8866-FCE229C37D2A}.Debug|iPhone.ActiveCfg = Debug|iPhone
		{218CE521-93EA-49F8-8866-FCE229C37D2A}.Debug|iPhone.Build.0 = Debug|iPhone
		{218CE521-93EA-49F8-8866-FCE229C37D2A}.Debug|iPhone.Deploy.0 = Debug|iPhone
		{218CE521-93EA-49F8-8866-FCE229C37D2A}.Debug|iPhoneSimulator.ActiveCfg = Debug|iPhoneSimulator
		{218CE521-93EA-49F8-8866-FCE229C37D2A}.Debug|iPhoneSimulator.Build.0 = Debug|iPhoneSimulator
		{218CE521-93EA-49F8-8866-FCE229C37D2A}.Debug|iPhoneSimulator.Deploy.0 = Debug|iPhoneSimulator
		{218CE521-93EA-49F8-8866-FCE229C37D2A}.Release|Any CPU.ActiveCfg = Release|iPhone
		{218CE521-93EA-49F8-8866-FCE229C37D2A}.Release|Any CPU.Build.0 = Release|iPhone
		{218CE521-93EA-49F8-8866-FCE229C37D2A}.Release|Any CPU.Deploy.0 = Release|iPhone
		{218CE521-93EA-49F8-8866-FCE229C37D2A}.Release|iPhone.ActiveCfg = Release|iPhone
		{218CE521-93EA-49F8-8866-FCE229C37D2A}.Release|iPhone.Build.0 = Release|iPhone
		{218CE521-93EA-49F8-8866-FCE229C37D2A}.Release|iPhone.Deploy.0 = Release|iPhone
		{218CE521-93EA-49F8-8866-FCE229C37D2A}.Release|iPhoneSimulator.ActiveCfg = Release|iPhoneSimulator
		{218CE521-93EA-49F8-8866-FCE229C37D2A}.Release|iPhoneSimulator.Build.0 = Release|iPhoneSimulator
		{218CE521-93EA-49F8-8866-FCE229C37D2A}.Release|iPhoneSimulator.Deploy.0 = Release|iPhoneSimulator
		{7E214D7E-A570-49E3-A960-184046E28B3B}.Ad-Hoc|Any CPU.ActiveCfg = Debug|Any CPU
		{7E214D7E-A570-49E3-A960-184046E28B3B}.Ad-Hoc|Any CPU.Build.0 = Debug|Any CPU
		{7E214D7E-A570-49E3-A960-184046E28B3B}.Ad-Hoc|Any CPU.Deploy.0 = Debug|Any CPU
		{7E214D7E-A570-49E3-A960-184046E28B3B}.Ad-Hoc|iPhone.ActiveCfg = Debug|Any CPU
		{7E214D7E-A570-49E3-A960-184046E28B3B}.Ad-Hoc|iPhone.Build.0 = Debug|Any CPU
		{7E214D7E-A570-49E3-A960-184046E28B3B}.Ad-Hoc|iPhone.Deploy.0 = Debug|Any CPU
		{7E214D7E-A570-49E3-A960-184046E28B3B}.Ad-Hoc|iPhoneSimulator.ActiveCfg = Debug|Any CPU
		{7E214D7E-A570-49E3-A960-184046E28B3B}.Ad-Hoc|iPhoneSimulator.Build.0 = Debug|Any CPU
		{7E214D7E-A570-49E3-A960-184046E28B3B}.Ad-Hoc|iPhoneSimulator.Deploy.0 = Debug|Any CPU
		{7E214D7E-A570-49E3-A960-184046E28B3B}.AppStore|Any CPU.ActiveCfg = Debug|Any CPU
		{7E214D7E-A570-49E3-A960-184046E28B3B}.AppStore|Any CPU.Build.0 = Debug|Any CPU
		{7E214D7E-A570-49E3-A960-184046E28B3B}.AppStore|Any CPU.Deploy.0 = Debug|Any CPU
		{7E214D7E-A570-49E3-A960-184046E28B3B}.AppStore|iPhone.ActiveCfg = Debug|Any CPU
		{7E214D7E-A570-49E3-A960-184046E28B3B}.AppStore|iPhone.Build.0 = Debug|Any CPU
		{7E214D7E-A570-49E3-A960-184046E28B3B}.AppStore|iPhone.Deploy.0 = Debug|Any CPU
		{7E214D7E-A570-49E3-A960-184046E28B3B}.AppStore|iPhoneSimulator.ActiveCfg = Debug|Any CPU
		{7E214D7E-A570-49E3-A960-184046E28B3B}.AppStore|iPhoneSimulator.Build.0 = Debug|Any CPU
		{7E214D7E-A570-49E3-A960-184046E28B3B}.AppStore|iPhoneSimulator.Deploy.0 = Debug|Any CPU
		{7E214D7E-A570-49E3-A960-184046E28B3B}.Debug|Any CPU.ActiveCfg = Debug|Any CPU
		{7E214D7E-A570-49E3-A960-184046E28B3B}.Debug|Any CPU.Build.0 = Debug|Any CPU
		{7E214D7E-A570-49E3-A960-184046E28B3B}.Debug|Any CPU.Deploy.0 = Debug|Any CPU
		{7E214D7E-A570-49E3-A960-184046E28B3B}.Debug|iPhone.ActiveCfg = Debug|Any CPU
		{7E214D7E-A570-49E3-A960-184046E28B3B}.Debug|iPhone.Build.0 = Debug|Any CPU
		{7E214D7E-A570-49E3-A960-184046E28B3B}.Debug|iPhone.Deploy.0 = Debug|Any CPU
		{7E214D7E-A570-49E3-A960-184046E28B3B}.Debug|iPhoneSimulator.ActiveCfg = Debug|Any CPU
		{7E214D7E-A570-49E3-A960-184046E28B3B}.Debug|iPhoneSimulator.Build.0 = Debug|Any CPU
		{7E214D7E-A570-49E3-A960-184046E28B3B}.Debug|iPhoneSimulator.Deploy.0 = Debug|Any CPU
		{7E214D7E-A570-49E3-A960-184046E28B3B}.Release|Any CPU.ActiveCfg = Release|Any CPU
		{7E214D7E-A570-49E3-A960-184046E28B3B}.Release|Any CPU.Build.0 = Release|Any CPU
		{7E214D7E-A570-49E3-A960-184046E28B3B}.Release|Any CPU.Deploy.0 = Release|Any CPU
		{7E214D7E-A570-49E3-A960-184046E28B3B}.Release|iPhone.ActiveCfg = Release|Any CPU
		{7E214D7E-A570-49E3-A960-184046E28B3B}.Release|iPhone.Build.0 = Release|Any CPU
		{7E214D7E-A570-49E3-A960-184046E28B3B}.Release|iPhone.Deploy.0 = Release|Any CPU
		{7E214D7E-A570-49E3-A960-184046E28B3B}.Release|iPhoneSimulator.ActiveCfg = Release|Any CPU
		{7E214D7E-A570-49E3-A960-184046E28B3B}.Release|iPhoneSimulator.Build.0 = Release|Any CPU
		{7E214D7E-A570-49E3-A960-184046E28B3B}.Release|iPhoneSimulator.Deploy.0 = Release|Any CPU
	EndGlobalSection
	GlobalSection(SolutionProperties) = preSolution
		HideSolutionNode = FALSE
	EndGlobalSection
	GlobalSection(ExtensibilityGlobals) = postSolution
		SolutionGuid = {1C5233AA-CBA3-45A9-825B-C20022AE5D37}
	EndGlobalSection
EndGlobal
